
Microsoft Visual Studio Solution File, Format Version 12.00
# Visual Studio 2013
VisualStudioVersion = 12.0.30723.0
MinimumVisualStudioVersion = 10.0.40219.1
Project("{FAE04EC0-301F-11D3-BF4B-00C04F79EFBC}") = "QuizBuzz", "QuizBuzz\QuizBuzz.csproj", "{7129CE69-1019-4598-95C8-239E0F532F3D}"
EndProject
Project("{8BC9CEB8-8B4A-11D0-8D11-00A0C91BC942}") = "Mongoose", "Mongoose\Mongoose.vcxproj", "{D9A2E3B1-3D94-4FCD-8BCE-7FA7D4B09019}"
EndProject
Global
	GlobalSection(SolutionConfigurationPlatforms) = preSolution
		Debug|Any CPU = Debug|Any CPU
		Debug|Mixed Platforms = Debug|Mixed Platforms
		Debug|Win32 = Debug|Win32
		Release|Any CPU = Release|Any CPU
		Release|Mixed Platforms = Release|Mixed Platforms
		Release|Win32 = Release|Win32
	EndGlobalSection
	GlobalSection(ProjectConfigurationPlatforms) = postSolution
		{7129CE69-1019-4598-95C8-239E0F532F3D}.Debug|Any CPU.ActiveCfg = Debug|Any CPU
		{7129CE69-1019-4598-95C8-239E0F532F3D}.Debug|Any CPU.Build.0 = Debug|Any CPU
		{7129CE69-1019-4598-95C8-239E0F532F3D}.Debug|Mixed Platforms.ActiveCfg = Debug|Any CPU
		{7129CE69-1019-4598-95C8-239E0F532F3D}.Debug|Mixed Platforms.Build.0 = Debug|Any CPU
		{7129CE69-1019-4598-95C8-239E0F532F3D}.Debug|Win32.ActiveCfg = Debug|Any CPU
		{7129CE69-1019-4598-95C8-239E0F532F3D}.Release|Any CPU.ActiveCfg = Release|Any CPU
		{7129CE69-1019-4598-95C8-239E0F532F3D}.Release|Any CPU.Build.0 = Release|Any CPU
		{7129CE69-1019-4598-95C8-239E0F532F3D}.Release|Mixed Platforms.ActiveCfg = Release|Any CPU
		{7129CE69-1019-4598-95C8-239E0F532F3D}.Release|Mixed Platforms.Build.0 = Release|Any CPU
		{7129CE69-1019-4598-95C8-239E0F532F3D}.Release|Win32.ActiveCfg = Release|Any CPU
		{D9A2E3B1-3D94-4FCD-8BCE-7FA7D4B09019}.Debug|Any CPU.ActiveCfg = Debug|Win32
		{D9A2E3B1-3D94-4FCD-8BCE-7FA7D4B09019}.Debug|Mixed Platforms.ActiveCfg = Debug|Win32
		{D9A2E3B1-3D94-4FCD-8BCE-7FA7D4B09019}.Debug|Mixed Platforms.Build.0 = Debug|Win32
		{D9A2E3B1-3D94-4FCD-8BCE-7FA7D4B09019}.Debug|Win32.ActiveCfg = Debug|Win32
		{D9A2E3B1-3D94-4FCD-8BCE-7FA7D4B09019}.Debug|Win32.Build.0 = Debug|Win32
		{D9A2E3B1-3D94-4FCD-8BCE-7FA7D4B09019}.Release|Any CPU.ActiveCfg = Release|Win32
		{D9A2E3B1-3D94-4FCD-8BCE-7FA7D4B09019}.Release|Mixed Platforms.ActiveCfg = Release|Win32
		{D9A2E3B1-3D94-4FCD-8BCE-7FA7D4B09019}.Release|Mixed Platforms.Build.0 = Release|Win32
		{D9A2E3B1-3D94-4FCD-8BCE-7FA7D4B09019}.Release|Win32.ActiveCfg = Release|Win32
		{D9A2E3B1-3D94-4FCD-8BCE-7FA7D4B09019}.Release|Win32.Build.0 = Release|Win32
	EndGlobalSection
	GlobalSection(SolutionProperties) = preSolution
		HideSolutionNode = FALSE
	EndGlobalSection
EndGlobal
